
Microsoft Visual Studio Solution File, Format Version 12.00
# Visual Studio Version 17
VisualStudioVersion = 17.5.002.0
MinimumVisualStudioVersion = 10.0.40219.1
Project("{9A19103F-16F7-4668-BE54-9A1E7A4F7556}") = "CarsServices", "CarsServices.csproj", "{382B8E84-B082-4CD3-A782-D642EEF09A23}"
EndProject
Global
	GlobalSection(SolutionConfigurationPlatforms) = preSolution
		Debug|Any CPU = Debug|Any CPU
		Release|Any CPU = Release|Any CPU
	EndGlobalSection
	GlobalSection(ProjectConfigurationPlatforms) = postSolution
		{382B8E84-B082-4CD3-A782-D642EEF09A23}.Debug|Any CPU.ActiveCfg = Debug|Any CPU
		{382B8E84-B082-4CD3-A782-D642EEF09A23}.Debug|Any CPU.Build.0 = Debug|Any CPU
		{382B8E84-B082-4CD3-A782-D642EEF09A23}.Release|Any CPU.ActiveCfg = Release|Any CPU
		{382B8E84-B082-4CD3-A782-D642EEF09A23}.Release|Any CPU.Build.0 = Release|Any CPU
	EndGlobalSection
	GlobalSection(SolutionProperties) = preSolution
		HideSolutionNode = FALSE
	EndGlobalSection
	GlobalSection(ExtensibilityGlobals) = postSolution
		SolutionGuid = {04605A43-2375-4481-92A2-D8B0A6319312}
	EndGlobalSection
EndGlobal
